
Microsoft Visual Studio Solution File, Format Version 12.00
# Visual Studio Version 17
VisualStudioVersion = 17.6.33829.357
MinimumVisualStudioVersion = 10.0.40219.1
Project("{8BC9CEB8-8B4A-11D0-8D11-00A0C91BC942}") = "TwoSum", "TwoSum\TwoSum.vcxproj", "{CC7B7D6C-5BAB-4794-A378-1841BF4F0D25}"
EndProject
Project("{8BC9CEB8-8B4A-11D0-8D11-00A0C91BC942}") = "AddTwoNumbers", "AddTwoNumbers\AddTwoNumbers.vcxproj", "{D36C9F31-61AC-47F8-ADB5-A3867DC0C6F6}"
EndProject
Project("{8BC9CEB8-8B4A-11D0-8D11-00A0C91BC942}") = "LongestSubstringWithoutRepeatingCharacters", "LongestSubstringWithoutRepeatingCharacters\LongestSubstringWithoutRepeatingCharacters.vcxproj", "{988188ED-122C-4E25-ABF9-7EDA47301955}"
EndProject
Project("{8BC9CEB8-8B4A-11D0-8D11-00A0C91BC942}") = "BmpRedactor", "BmpRedactor\BmpRedactor.vcxproj", "{1DAC8AA5-B749-4731-A1C3-A20EFA8953F5}"
EndProject
Global
	GlobalSection(SolutionConfigurationPlatforms) = preSolution
		Debug|x64 = Debug|x64
		Debug|x86 = Debug|x86
		Release|x64 = Release|x64
		Release|x86 = Release|x86
	EndGlobalSection
	GlobalSection(ProjectConfigurationPlatforms) = postSolution
		{CC7B7D6C-5BAB-4794-A378-1841BF4F0D25}.Debug|x64.ActiveCfg = Debug|x64
		{CC7B7D6C-5BAB-4794-A378-1841BF4F0D25}.Debug|x64.Build.0 = Debug|x64
		{CC7B7D6C-5BAB-4794-A378-1841BF4F0D25}.Debug|x86.ActiveCfg = Debug|Win32
		{CC7B7D6C-5BAB-4794-A378-1841BF4F0D25}.Debug|x86.Build.0 = Debug|Win32
		{CC7B7D6C-5BAB-4794-A378-1841BF4F0D25}.Release|x64.ActiveCfg = Release|x64
		{CC7B7D6C-5BAB-4794-A378-1841BF4F0D25}.Release|x64.Build.0 = Release|x64
		{CC7B7D6C-5BAB-4794-A378-1841BF4F0D25}.Release|x86.ActiveCfg = Release|Win32
		{CC7B7D6C-5BAB-4794-A378-1841BF4F0D25}.Release|x86.Build.0 = Release|Win32
		{D36C9F31-61AC-47F8-ADB5-A3867DC0C6F6}.Debug|x64.ActiveCfg = Debug|x64
		{D36C9F31-61AC-47F8-ADB5-A3867DC0C6F6}.Debug|x64.Build.0 = Debug|x64
		{D36C9F31-61AC-47F8-ADB5-A3867DC0C6F6}.Debug|x86.ActiveCfg = Debug|Win32
		{D36C9F31-61AC-47F8-ADB5-A3867DC0C6F6}.Debug|x86.Build.0 = Debug|Win32
		{D36C9F31-61AC-47F8-ADB5-A3867DC0C6F6}.Release|x64.ActiveCfg = Release|x64
		{D36C9F31-61AC-47F8-ADB5-A3867DC0C6F6}.Release|x64.Build.0 = Release|x64
		{D36C9F31-61AC-47F8-ADB5-A3867DC0C6F6}.Release|x86.ActiveCfg = Release|Win32
		{D36C9F31-61AC-47F8-ADB5-A3867DC0C6F6}.Release|x86.Build.0 = Release|Win32
		{988188ED-122C-4E25-ABF9-7EDA47301955}.Debug|x64.ActiveCfg = Debug|x64
		{988188ED-122C-4E25-ABF9-7EDA47301955}.Debug|x64.Build.0 = Debug|x64
		{988188ED-122C-4E25-ABF9-7EDA47301955}.Debug|x86.ActiveCfg = Debug|Win32
		{988188ED-122C-4E25-ABF9-7EDA47301955}.Debug|x86.Build.0 = Debug|Win32
		{988188ED-122C-4E25-ABF9-7EDA47301955}.Release|x64.ActiveCfg = Release|x64
		{988188ED-122C-4E25-ABF9-7EDA47301955}.Release|x64.Build.0 = Release|x64
		{988188ED-122C-4E25-ABF9-7EDA47301955}.Release|x86.ActiveCfg = Release|Win32
		{988188ED-122C-4E25-ABF9-7EDA47301955}.Release|x86.Build.0 = Release|Win32
		{1DAC8AA5-B749-4731-A1C3-A20EFA8953F5}.Debug|x64.ActiveCfg = Debug|x64
		{1DAC8AA5-B749-4731-A1C3-A20EFA8953F5}.Debug|x64.Build.0 = Debug|x64
		{1DAC8AA5-B749-4731-A1C3-A20EFA8953F5}.Debug|x86.ActiveCfg = Debug|Win32
		{1DAC8AA5-B749-4731-A1C3-A20EFA8953F5}.Debug|x86.Build.0 = Debug|Win32
		{1DAC8AA5-B749-4731-A1C3-A20EFA8953F5}.Release|x64.ActiveCfg = Release|x64
		{1DAC8AA5-B749-4731-A1C3-A20EFA8953F5}.Release|x64.Build.0 = Release|x64
		{1DAC8AA5-B749-4731-A1C3-A20EFA8953F5}.Release|x86.ActiveCfg = Release|Win32
		{1DAC8AA5-B749-4731-A1C3-A20EFA8953F5}.Release|x86.Build.0 = Release|Win32
	EndGlobalSection
	GlobalSection(SolutionProperties) = preSolution
		HideSolutionNode = FALSE
	EndGlobalSection
	GlobalSection(ExtensibilityGlobals) = postSolution
		SolutionGuid = {5425D67F-AB5C-4ACC-B0AE-207A685DD02C}
	EndGlobalSection
EndGlobal
